// !$*UTF8*$!
{
	archiveVersion = 1;
	classes = {
	};
	objectVersion = 50;
	objects = {

/* Begin PBXBuildFile section */
		9D3F345E24AF739A00FDC851 /* AppDelegate.swift in Sources */ = {isa = PBXBuildFile; fileRef = 9D3F345D24AF739A00FDC851 /* AppDelegate.swift */; };
		9D3F346024AF739A00FDC851 /* SceneDelegate.swift in Sources */ = {isa = PBXBuildFile; fileRef = 9D3F345F24AF739A00FDC851 /* SceneDelegate.swift */; };
		9D3F346224AF739A00FDC851 /* ViewController.swift in Sources */ = {isa = PBXBuildFile; fileRef = 9D3F346124AF739A00FDC851 /* ViewController.swift */; };
		9D3F346524AF739A00FDC851 /* Main.storyboard in Resources */ = {isa = PBXBuildFile; fileRef = 9D3F346324AF739A00FDC851 /* Main.storyboard */; };
		9D3F346724AF739C00FDC851 /* Assets.xcassets in Resources */ = {isa = PBXBuildFile; fileRef = 9D3F346624AF739C00FDC851 /* Assets.xcassets */; };
		9D3F346A24AF739C00FDC851 /* LaunchScreen.storyboard in Resources */ = {isa = PBXBuildFile; fileRef = 9D3F346824AF739C00FDC851 /* LaunchScreen.storyboard */; };
		9D3F347224AF752200FDC851 /* YoutubeExtractor.swift in Sources */ = {isa = PBXBuildFile; fileRef = 9D3F347124AF752200FDC851 /* YoutubeExtractor.swift */; };
		9D3F347424AF758F00FDC851 /* VideoInfo.swift in Sources */ = {isa = PBXBuildFile; fileRef = 9D3F347324AF758F00FDC851 /* VideoInfo.swift */; };
/* End PBXBuildFile section */

/* Begin PBXFileReference section */
		9D3F345A24AF739A00FDC851 /* YoutubeExtractorSelf.app */ = {isa = PBXFileReference; explicitFileType = wrapper.application; includeInIndex = 0; path = YoutubeExtractorSelf.app; sourceTree = BUILT_PRODUCTS_DIR; };
		9D3F345D24AF739A00FDC851 /* AppDelegate.swift */ = {isa = PBXFileReference; lastKnownFileType = sourcecode.swift; path = AppDelegate.swift; sourceTree = "<group>"; };
		9D3F345F24AF739A00FDC851 /* SceneDelegate.swift */ = {isa = PBXFileReference; lastKnownFileType = sourcecode.swift; path = SceneDelegate.swift; sourceTree = "<group>"; };
		9D3F346124AF739A00FDC851 /* ViewController.swift */ = {isa = PBXFileReference; lastKnownFileType = sourcecode.swift; path = ViewController.swift; sourceTree = "<group>"; };
		9D3F346424AF739A00FDC851 /* Base */ = {isa = PBXFileReference; lastKnownFileType = file.storyboard; name = Base; path = Base.lproj/Main.storyboard; sourceTree = "<group>"; };
		9D3F346624AF739C00FDC851 /* Assets.xcassets */ = {isa = PBXFileReference; lastKnownFileType = folder.assetcatalog; path = Assets.xcassets; sourceTree = "<group>"; };
		9D3F346924AF739C00FDC851 /* Base */ = {isa = PBXFileReference; lastKnownFileType = file.storyboard; name = Base; path = Base.lproj/LaunchScreen.storyboard; sourceTree = "<group>"; };
		9D3F346B24AF739C00FDC851 /* Info.plist */ = {isa = PBXFileReference; lastKnownFileType = text.plist.xml; path = Info.plist; sourceTree = "<group>"; };
		9D3F347124AF752200FDC851 /* YoutubeExtractor.swift */ = {isa = PBXFileReference; lastKnownFileType = sourcecode.swift; path = YoutubeExtractor.swift; sourceTree = "<group>"; };
		9D3F347324AF758F00FDC851 /* VideoInfo.swift */ = {isa = PBXFileReference; lastKnownFileType = sourcecode.swift; path = VideoInfo.swift; sourceTree = "<group>"; };
/* End PBXFileReference section */

/* Begin PBXFrameworksBuildPhase section */
		9D3F345724AF739A00FDC851 /* Frameworks */ = {
			isa = PBXFrameworksBuildPhase;
			buildActionMask = 2147483647;
			files = (
			);
			runOnlyForDeploymentPostprocessing = 0;
		};
/* End PBXFrameworksBuildPhase section */

/* Begin PBXGroup section */
		9D3F345124AF739A00FDC851 = {
			isa = PBXGroup;
			children = (
				9D3F345C24AF739A00FDC851 /* YoutubeExtractorSelf */,
				9D3F345B24AF739A00FDC851 /* Products */,
			);
			sourceTree = "<group>";
		};
		9D3F345B24AF739A00FDC851 /* Products */ = {
			isa = PBXGroup;
			children = (
				9D3F345A24AF739A00FDC851 /* YoutubeExtractorSelf.app */,
			);
			name = Products;
			sourceTree = "<group>";
		};
		9D3F345C24AF739A00FDC851 /* YoutubeExtractorSelf */ = {
			isa = PBXGroup;
			children = (
				9D3F345D24AF739A00FDC851 /* AppDelegate.swift */,
				9D3F345F24AF739A00FDC851 /* SceneDelegate.swift */,
				9D3F346124AF739A00FDC851 /* ViewController.swift */,
				9D3F346324AF739A00FDC851 /* Main.storyboard */,
				9D3F346624AF739C00FDC851 /* Assets.xcassets */,
				9D3F346824AF739C00FDC851 /* LaunchScreen.storyboard */,
				9D3F346B24AF739C00FDC851 /* Info.plist */,
				9D3F347124AF752200FDC851 /* YoutubeExtractor.swift */,
				9D3F347324AF758F00FDC851 /* VideoInfo.swift */,
			);
			path = YoutubeExtractorSelf;
			sourceTree = "<group>";
		};
/* End PBXGroup section */

/* Begin PBXNativeTarget section */
		9D3F345924AF739A00FDC851 /* YoutubeExtractorSelf */ = {
			isa = PBXNativeTarget;
			buildConfigurationList = 9D3F346E24AF739C00FDC851 /* Build configuration list for PBXNativeTarget "YoutubeExtractorSelf" */;
			buildPhases = (
				9D3F345624AF739A00FDC851 /* Sources */,
				9D3F345724AF739A00FDC851 /* Frameworks */,
				9D3F345824AF739A00FDC851 /* Resources */,
			);
			buildRules = (
			);
			dependencies = (
			);
			name = YoutubeExtractorSelf;
			productName = YoutubeExtractorSelf;
			productReference = 9D3F345A24AF739A00FDC851 /* YoutubeExtractorSelf.app */;
			productType = "com.apple.product-type.application";
		};
/* End PBXNativeTarget section */

/* Begin PBXProject section */
		9D3F345224AF739A00FDC851 /* Project object */ = {
			isa = PBXProject;
			attributes = {
				LastSwiftUpdateCheck = 1130;
				LastUpgradeCheck = 1130;
				ORGANIZATIONNAME = Nitin;
				TargetAttributes = {
					9D3F345924AF739A00FDC851 = {
						CreatedOnToolsVersion = 11.3.1;
					};
				};
			};
			buildConfigurationList = 9D3F345524AF739A00FDC851 /* Build configuration list for PBXProject "YoutubeExtractorSelf" */;
			compatibilityVersion = "Xcode 9.3";
			developmentRegion = en;
			hasScannedForEncodings = 0;
			knownRegions = (
				en,
				Base,
			);
			mainGroup = 9D3F345124AF739A00FDC851;
			productRefGroup = 9D3F345B24AF739A00FDC851 /* Products */;
			projectDirPath = "";
			projectRoot = "";
			targets = (
				9D3F345924AF739A00FDC851 /* YoutubeExtractorSelf */,
			);
		};
/* End PBXProject section */

/* Begin PBXResourcesBuildPhase section */
		9D3F345824AF739A00FDC851 /* Resources */ = {
			isa = PBXResourcesBuildPhase;
			buildActionMask = 2147483647;
			files = (
				9D3F346A24AF739C00FDC851 /* LaunchScreen.storyboard in Resources */,
				9D3F346724AF739C00FDC851 /* Assets.xcassets in Resources */,
				9D3F346524AF739A00FDC851 /* Main.storyboard in Resources */,
			);
			runOnlyForDeploymentPostprocessing = 0;
		};
/* End PBXResourcesBuildPhase section */

/* Begin PBXSourcesBuildPhase section */
		9D3F345624AF739A00FDC851 /* Sources */ = {
			isa = PBXSourcesBuildPhase;
			buildActionMask = 2147483647;
			files = (
				9D3F346224AF739A00FDC851 /* ViewController.swift in Sources */,
				9D3F345E24AF739A00FDC851 /* AppDelegate.swift in Sources */,
				9D3F347424AF758F00FDC851 /* VideoInfo.swift in Sources */,
				9D3F347224AF752200FDC851 /* YoutubeExtractor.swift in Sources */,
				9D3F346024AF739A00FDC851 /* SceneDelegate.swift in Sources */,
			);
			runOnlyForDeploymentPostprocessing = 0;
		};
/* End PBXSourcesBuildPhase section */

/* Begin PBXVariantGroup section */
		9D3F346324AF739A00FDC851 /* Main.storyboard */ = {
			isa = PBXVariantGroup;
			children = (
				9D3F346424AF739A00FDC851 /* Base */,
			);
			name = Main.storyboard;
			sourceTree = "<group>";
		};
		9D3F346824AF739C00FDC851 /* LaunchScreen.storyboard */ = {
			isa = PBXVariantGroup;
			children = (
				9D3F346924AF739C00FDC851 /* Base */,
			);
			name = LaunchScreen.storyboard;
			sourceTree = "<group>";
		};
/* End PBXVariantGroup section */

/* Begin XCBuildConfiguration section */
		9D3F346C24AF739C00FDC851 /* Debug */ = {
			isa = XCBuildConfiguration;
			buildSettings = {
				ALWAYS_SEARCH_USER_PATHS = NO;
				CLANG_ANALYZER_NONNULL = YES;
				CLANG_ANALYZER_NUMBER_OBJECT_CONVERSION = YES_AGGRESSIVE;
				CLANG_CXX_LANGUAGE_STANDARD = "gnu++14";
				CLANG_CXX_LIBRARY = "libc++";
				CLANG_ENABLE_MODULES = YES;
				CLANG_ENABLE_OBJC_ARC = YES;
				CLANG_ENABLE_OBJC_WEAK = YES;
				CLANG_WARN_BLOCK_CAPTURE_AUTORELEASING = YES;
				CLANG_WARN_BOOL_CONVERSION = YES;
				CLANG_WARN_COMMA = YES;
				CLANG_WARN_CONSTANT_CONVERSION = YES;
				CLANG_WARN_DEPRECATED_OBJC_IMPLEMENTATIONS = YES;
				CLANG_WARN_DIRECT_OBJC_ISA_USAGE = YES_ERROR;
				CLANG_WARN_DOCUMENTATION_COMMENTS = YES;
				CLANG_WARN_EMPTY_BODY = YES;
				CLANG_WARN_ENUM_CONVERSION = YES;
				CLANG_WARN_INFINITE_RECURSION = YES;
				CLANG_WARN_INT_CONVERSION = YES;
				CLANG_WARN_NON_LITERAL_NULL_CONVERSION = YES;
				CLANG_WARN_OBJC_IMPLICIT_RETAIN_SELF = YES;
				CLANG_WARN_OBJC_LITERAL_CONVERSION = YES;
				CLANG_WARN_OBJC_ROOT_CLASS = YES_ERROR;
				CLANG_WARN_RANGE_LOOP_ANALYSIS = YES;
				CLANG_WARN_STRICT_PROTOTYPES = YES;
				CLANG_WARN_SUSPICIOUS_MOVE = YES;
				CLANG_WARN_UNGUARDED_AVAILABILITY = YES_AGGRESSIVE;
				CLANG_WARN_UNREACHABLE_CODE = YES;
				CLANG_WARN__DUPLICATE_METHOD_MATCH = YES;
				COPY_PHASE_STRIP = NO;
				DEBUG_INFORMATION_FORMAT = dwarf;
				ENABLE_STRICT_OBJC_MSGSEND = YES;
				ENABLE_TESTABILITY = YES;
				GCC_C_LANGUAGE_STANDARD = gnu11;
				GCC_DYNAMIC_NO_PIC = NO;
				GCC_NO_COMMON_BLOCKS = YES;
				GCC_OPTIMIZATION_LEVEL = 0;
				GCC_PREPROCESSOR_DEFINITIONS = (
					"DEBUG=1",
					"$(inherited)",
				);
				GCC_WARN_64_TO_32_BIT_CONVERSION = YES;
				GCC_WARN_ABOUT_RETURN_TYPE = YES_ERROR;
				GCC_WARN_UNDECLARED_SELECTOR = YES;
				GCC_WARN_UNINITIALIZED_AUTOS = YES_AGGRESSIVE;
				GCC_WARN_UNUSED_FUNCTION = YES;
				GCC_WARN_UNUSED_VARIABLE = YES;
				IPHONEOS_DEPLOYMENT_TARGET = 13.2;
				MTL_ENABLE_DEBUG_INFO = INCLUDE_SOURCE;
				MTL_FAST_MATH = YES;
				ONLY_ACTIVE_ARCH = YES;
				SDKROOT = iphoneos;
				SWIFT_ACTIVE_COMPILATION_CONDITIONS = DEBUG;
				SWIFT_OPTIMIZATION_LEVEL = "-Onone";
			};
			name = Debug;
		};
		9D3F346D24AF739C00FDC851 /* Release */ = {
			isa = XCBuildConfiguration;
			buildSettings = {
				ALWAYS_SEARCH_USER_PATHS = NO;
				CLANG_ANALYZER_NONNULL = YES;
				CLANG_ANALYZER_NUMBER_OBJECT_CONVERSION = YES_AGGRESSIVE;
				CLANG_CXX_LANGUAGE_STANDARD = "gnu++14";
				CLANG_CXX_LIBRARY = "libc++";
				CLANG_ENABLE_MODULES = YES;
				CLANG_ENABLE_OBJC_ARC = YES;
				CLANG_ENABLE_OBJC_WEAK = YES;
				CLANG_WARN_BLOCK_CAPTURE_AUTORELEASING = YES;
				CLANG_WARN_BOOL_CONVERSION = YES;
				CLANG_WARN_COMMA = YES;
				CLANG_WARN_CONSTANT_CONVERSION = YES;
				CLANG_WARN_DEPRECATED_OBJC_IMPLEMENTATIONS = YES;
				CLANG_WARN_DIRECT_OBJC_ISA_USAGE = YES_ERROR;
				CLANG_WARN_DOCUMENTATION_COMMENTS = YES;
				CLANG_WARN_EMPTY_BODY = YES;
				CLANG_WARN_ENUM_CONVERSION = YES;
				CLANG_WARN_INFINITE_RECURSION = YES;
				CLANG_WARN_INT_CONVERSION = YES;
				CLANG_WARN_NON_LITERAL_NULL_CONVERSION = YES;
				CLANG_WARN_OBJC_IMPLICIT_RETAIN_SELF = YES;
				CLANG_WARN_OBJC_LITERAL_CONVERSION = YES;
				CLANG_WARN_OBJC_ROOT_CLASS = YES_ERROR;
				CLANG_WARN_RANGE_LOOP_ANALYSIS = YES;
				CLANG_WARN_STRICT_PROTOTYPES = YES;
				CLANG_WARN_SUSPICIOUS_MOVE = YES;
				CLANG_WARN_UNGUARDED_AVAILABILITY = YES_AGGRESSIVE;
				CLANG_WARN_UNREACHABLE_CODE = YES;
				CLANG_WARN__DUPLICATE_METHOD_MATCH = YES;
				COPY_PHASE_STRIP = NO;
				DEBUG_INFORMATION_FORMAT = "dwarf-with-dsym";
				ENABLE_NS_ASSERTIONS = NO;
				ENABLE_STRICT_OBJC_MSGSEND = YES;
				GCC_C_LANGUAGE_STANDARD = gnu11;
				GCC_NO_COMMON_BLOCKS = YES;
				GCC_WARN_64_TO_32_BIT_CONVERSION = YES;
				GCC_WARN_ABOUT_RETURN_TYPE = YES_ERROR;
				GCC_WARN_UNDECLARED_SELECTOR = YES;
				GCC_WARN_UNINITIALIZED_AUTOS = YES_AGGRESSIVE;
				GCC_WARN_UNUSED_FUNCTION = YES;
				GCC_WARN_UNUSED_VARIABLE = YES;
				IPHONEOS_DEPLOYMENT_TARGET = 13.2;
				MTL_ENABLE_DEBUG_INFO = NO;
				MTL_FAST_MATH = YES;
				SDKROOT = iphoneos;
				SWIFT_COMPILATION_MODE = wholemodule;
				SWIFT_OPTIMIZATION_LEVEL = "-O";
				VALIDATE_PRODUCT = YES;
			};
			name = Release;
		};
		9D3F346F24AF739C00FDC851 /* Debug */ = {
			isa = XCBuildConfiguration;
			buildSettings = {
				ASSETCATALOG_COMPILER_APPICON_NAME = AppIcon;
				CODE_SIGN_STYLE = Automatic;
				INFOPLIST_FILE = YoutubeExtractorSelf/Info.plist;
				LD_RUNPATH_SEARCH_PATHS = (
					"$(inherited)",
					"@executable_path/Frameworks",
				);
				PRODUCT_BUNDLE_IDENTIFIER = t.YoutubeExtractorSelf;
				PRODUCT_NAME = "$(TARGET_NAME)";
				SWIFT_VERSION = 5.0;
				TARGETED_DEVICE_FAMILY = "1,2";
			};
			name = Debug;
		};
		9D3F347024AF739C00FDC851 /* Release */ = {
			isa = XCBuildConfiguration;
			buildSettings = {
				ASSETCATALOG_COMPILER_APPICON_NAME = AppIcon;
				CODE_SIGN_STYLE = Automatic;
				INFOPLIST_FILE = YoutubeExtractorSelf/Info.plist;
				LD_RUNPATH_SEARCH_PATHS = (
					"$(inherited)",
					"@executable_path/Frameworks",
				);
				PRODUCT_BUNDLE_IDENTIFIER = t.YoutubeExtractorSelf;
				PRODUCT_NAME = "$(TARGET_NAME)";
				SWIFT_VERSION = 5.0;
				TARGETED_DEVICE_FAMILY = "1,2";
			};
			name = Release;
		};
/* End XCBuildConfiguration section */

/* Begin XCConfigurationList section */
		9D3F345524AF739A00FDC851 /* Build configuration list for PBXProject "YoutubeExtractorSelf" */ = {
			isa = XCConfigurationList;
			buildConfigurations = (
				9D3F346C24AF739C00FDC851 /* Debug */,
				9D3F346D24AF739C00FDC851 /* Release */,
			);
			defaultConfigurationIsVisible = 0;
			defaultConfigurationName = Release;
		};
		9D3F346E24AF739C00FDC851 /* Build configuration list for PBXNativeTarget "YoutubeExtractorSelf" */ = {
			isa = XCConfigurationList;
			buildConfigurations = (
				9D3F346F24AF739C00FDC851 /* Debug */,
				9D3F347024AF739C00FDC851 /* Release */,
			);
			defaultConfigurationIsVisible = 0;
			defaultConfigurationName = Release;
		};
/* End XCConfigurationList section */
	};
	rootObject = 9D3F345224AF739A00FDC851 /* Project object */;
}
